
Microsoft Visual Studio Solution File, Format Version 12.00
# Visual Studio Version 17
VisualStudioVersion = 17.2.32526.322
MinimumVisualStudioVersion = 10.0.40219.1
Project("{FAE04EC0-301F-11D3-BF4B-00C04F79EFBC}") = "Veterinary.UI", "Veterinary.UI\Veterinary.UI.csproj", "{BF53D8EB-1824-4C8D-A3A6-4CF56DB3E6E9}"
EndProject
Project("{FAE04EC0-301F-11D3-BF4B-00C04F79EFBC}") = "Veterinary.Core", "Veterinary.Core\Veterinary.Core.csproj", "{C27283EA-F21E-42D9-BE4A-4D29D1E50B4F}"
EndProject
Project("{FAE04EC0-301F-11D3-BF4B-00C04F79EFBC}") = "Veterinary.Infrastructure", "Veterinary.Infrastructure\Veterinary.Infrastructure.csproj", "{E578A4E5-FEEE-46EC-9DC9-6FA446405DDA}"
EndProject
Project("{FAE04EC0-301F-11D3-BF4B-00C04F79EFBC}") = "Veterinary.WebApi", "Veterinary.WebApi\Veterinary.WebApi.csproj", "{4CD4CFEB-DEBB-4D6D-BF31-7B4653D3B2C9}"
EndProject
Global
	GlobalSection(SolutionConfigurationPlatforms) = preSolution
		Debug|Any CPU = Debug|Any CPU
		Release|Any CPU = Release|Any CPU
	EndGlobalSection
	GlobalSection(ProjectConfigurationPlatforms) = postSolution
		{BF53D8EB-1824-4C8D-A3A6-4CF56DB3E6E9}.Debug|Any CPU.ActiveCfg = Debug|Any CPU
		{BF53D8EB-1824-4C8D-A3A6-4CF56DB3E6E9}.Debug|Any CPU.Build.0 = Debug|Any CPU
		{BF53D8EB-1824-4C8D-A3A6-4CF56DB3E6E9}.Release|Any CPU.ActiveCfg = Release|Any CPU
		{BF53D8EB-1824-4C8D-A3A6-4CF56DB3E6E9}.Release|Any CPU.Build.0 = Release|Any CPU
		{C27283EA-F21E-42D9-BE4A-4D29D1E50B4F}.Debug|Any CPU.ActiveCfg = Debug|Any CPU
		{C27283EA-F21E-42D9-BE4A-4D29D1E50B4F}.Debug|Any CPU.Build.0 = Debug|Any CPU
		{C27283EA-F21E-42D9-BE4A-4D29D1E50B4F}.Release|Any CPU.ActiveCfg = Release|Any CPU
		{C27283EA-F21E-42D9-BE4A-4D29D1E50B4F}.Release|Any CPU.Build.0 = Release|Any CPU
		{E578A4E5-FEEE-46EC-9DC9-6FA446405DDA}.Debug|Any CPU.ActiveCfg = Debug|Any CPU
		{E578A4E5-FEEE-46EC-9DC9-6FA446405DDA}.Debug|Any CPU.Build.0 = Debug|Any CPU
		{E578A4E5-FEEE-46EC-9DC9-6FA446405DDA}.Release|Any CPU.ActiveCfg = Release|Any CPU
		{E578A4E5-FEEE-46EC-9DC9-6FA446405DDA}.Release|Any CPU.Build.0 = Release|Any CPU
		{4CD4CFEB-DEBB-4D6D-BF31-7B4653D3B2C9}.Debug|Any CPU.ActiveCfg = Debug|Any CPU
		{4CD4CFEB-DEBB-4D6D-BF31-7B4653D3B2C9}.Debug|Any CPU.Build.0 = Debug|Any CPU
		{4CD4CFEB-DEBB-4D6D-BF31-7B4653D3B2C9}.Release|Any CPU.ActiveCfg = Release|Any CPU
		{4CD4CFEB-DEBB-4D6D-BF31-7B4653D3B2C9}.Release|Any CPU.Build.0 = Release|Any CPU
	EndGlobalSection
	GlobalSection(SolutionProperties) = preSolution
		HideSolutionNode = FALSE
	EndGlobalSection
	GlobalSection(ExtensibilityGlobals) = postSolution
		SolutionGuid = {62944E39-2B4E-4A34-8EAC-F148B0F9785A}
	EndGlobalSection
EndGlobal
